// !$*UTF8*$!
{
	archiveVersion = 1;
	classes = {
	};
	objectVersion = 46;
	objects = {

/* Begin PBXBuildFile section */
		190744071DBD0AC600CA2D87 /* main.m in Sources */ = {isa = PBXBuildFile; fileRef = 190744061DBD0AC600CA2D87 /* main.m */; };
		1907440A1DBD0AC600CA2D87 /* AppDelegate.m in Sources */ = {isa = PBXBuildFile; fileRef = 190744091DBD0AC600CA2D87 /* AppDelegate.m */; };
		1907440D1DBD0AC600CA2D87 /* ViewController.m in Sources */ = {isa = PBXBuildFile; fileRef = 1907440C1DBD0AC600CA2D87 /* ViewController.m */; };
		190744101DBD0AC600CA2D87 /* Main.storyboard in Resources */ = {isa = PBXBuildFile; fileRef = 1907440E1DBD0AC600CA2D87 /* Main.storyboard */; };
		190744121DBD0AC600CA2D87 /* Assets.xcassets in Resources */ = {isa = PBXBuildFile; fileRef = 190744111DBD0AC600CA2D87 /* Assets.xcassets */; };
		190744151DBD0AC600CA2D87 /* LaunchScreen.storyboard in Resources */ = {isa = PBXBuildFile; fileRef = 190744131DBD0AC600CA2D87 /* LaunchScreen.storyboard */; };
		197194C41DBDA67D009F03C0 /* AFHTTPSessionManager.m in Sources */ = {isa = PBXBuildFile; fileRef = 197194A71DBDA67D009F03C0 /* AFHTTPSessionManager.m */; };
		197194C51DBDA67D009F03C0 /* AFNetworkReachabilityManager.m in Sources */ = {isa = PBXBuildFile; fileRef = 197194AA1DBDA67D009F03C0 /* AFNetworkReachabilityManager.m */; };
		197194C61DBDA67D009F03C0 /* AFSecurityPolicy.m in Sources */ = {isa = PBXBuildFile; fileRef = 197194AC1DBDA67D009F03C0 /* AFSecurityPolicy.m */; };
		197194C71DBDA67D009F03C0 /* AFURLRequestSerialization.m in Sources */ = {isa = PBXBuildFile; fileRef = 197194AE1DBDA67D009F03C0 /* AFURLRequestSerialization.m */; };
		197194C81DBDA67D009F03C0 /* AFURLResponseSerialization.m in Sources */ = {isa = PBXBuildFile; fileRef = 197194B01DBDA67D009F03C0 /* AFURLResponseSerialization.m */; };
		197194C91DBDA67D009F03C0 /* AFURLSessionManager.m in Sources */ = {isa = PBXBuildFile; fileRef = 197194B21DBDA67D009F03C0 /* AFURLSessionManager.m */; };
		197194CA1DBDA67D009F03C0 /* AppsModel.m in Sources */ = {isa = PBXBuildFile; fileRef = 197194B41DBDA67D009F03C0 /* AppsModel.m */; };
		197194CB1DBDA67D009F03C0 /* DownloaderOperation.m in Sources */ = {isa = PBXBuildFile; fileRef = 197194B71DBDA67D009F03C0 /* DownloaderOperation.m */; };
		197194CC1DBDA67D009F03C0 /* DownloaderOperationManager.m in Sources */ = {isa = PBXBuildFile; fileRef = 197194B91DBDA67D009F03C0 /* DownloaderOperationManager.m */; };
		197194CD1DBDA67D009F03C0 /* NSString+path.m in Sources */ = {isa = PBXBuildFile; fileRef = 197194BB1DBDA67D009F03C0 /* NSString+path.m */; };
		197194CE1DBDA67D009F03C0 /* UIImageView+WebImage.m in Sources */ = {isa = PBXBuildFile; fileRef = 197194BD1DBDA67D009F03C0 /* UIImageView+WebImage.m */; };
		197194CF1DBDA67D009F03C0 /* NSObject+YYModel.m in Sources */ = {isa = PBXBuildFile; fileRef = 197194C01DBDA67D009F03C0 /* NSObject+YYModel.m */; };
		197194D01DBDA67D009F03C0 /* YYClassInfo.m in Sources */ = {isa = PBXBuildFile; fileRef = 197194C21DBDA67D009F03C0 /* YYClassInfo.m */; };
/* End PBXBuildFile section */

/* Begin PBXFileReference section */
		190744021DBD0AC600CA2D87 /* YR-WebImage.app */ = {isa = PBXFileReference; explicitFileType = wrapper.application; includeInIndex = 0; path = "YR-WebImage.app"; sourceTree = BUILT_PRODUCTS_DIR; };
		190744061DBD0AC600CA2D87 /* main.m */ = {isa = PBXFileReference; lastKnownFileType = sourcecode.c.objc; path = main.m; sourceTree = "<group>"; };
		190744081DBD0AC600CA2D87 /* AppDelegate.h */ = {isa = PBXFileReference; lastKnownFileType = sourcecode.c.h; path = AppDelegate.h; sourceTree = "<group>"; };
		190744091DBD0AC600CA2D87 /* AppDelegate.m */ = {isa = PBXFileReference; lastKnownFileType = sourcecode.c.objc; path = AppDelegate.m; sourceTree = "<group>"; };
		1907440B1DBD0AC600CA2D87 /* ViewController.h */ = {isa = PBXFileReference; lastKnownFileType = sourcecode.c.h; path = ViewController.h; sourceTree = "<group>"; };
		1907440C1DBD0AC600CA2D87 /* ViewController.m */ = {isa = PBXFileReference; lastKnownFileType = sourcecode.c.objc; path = ViewController.m; sourceTree = "<group>"; };
		1907440F1DBD0AC600CA2D87 /* Base */ = {isa = PBXFileReference; lastKnownFileType = file.storyboard; name = Base; path = Base.lproj/Main.storyboard; sourceTree = "<group>"; };
		190744111DBD0AC600CA2D87 /* Assets.xcassets */ = {isa = PBXFileReference; lastKnownFileType = folder.assetcatalog; path = Assets.xcassets; sourceTree = "<group>"; };
		190744141DBD0AC600CA2D87 /* Base */ = {isa = PBXFileReference; lastKnownFileType = file.storyboard; name = Base; path = Base.lproj/LaunchScreen.storyboard; sourceTree = "<group>"; };
		190744161DBD0AC600CA2D87 /* Info.plist */ = {isa = PBXFileReference; lastKnownFileType = text.plist.xml; path = Info.plist; sourceTree = "<group>"; };
		197194A61DBDA67D009F03C0 /* AFHTTPSessionManager.h */ = {isa = PBXFileReference; fileEncoding = 4; lastKnownFileType = sourcecode.c.h; path = AFHTTPSessionManager.h; sourceTree = "<group>"; };
		197194A71DBDA67D009F03C0 /* AFHTTPSessionManager.m */ = {isa = PBXFileReference; fileEncoding = 4; lastKnownFileType = sourcecode.c.objc; path = AFHTTPSessionManager.m; sourceTree = "<group>"; };
		197194A81DBDA67D009F03C0 /* AFNetworking.h */ = {isa = PBXFileReference; fileEncoding = 4; lastKnownFileType = sourcecode.c.h; path = AFNetworking.h; sourceTree = "<group>"; };
		197194A91DBDA67D009F03C0 /* AFNetworkReachabilityManager.h */ = {isa = PBXFileReference; fileEncoding = 4; lastKnownFileType = sourcecode.c.h; path = AFNetworkReachabilityManager.h; sourceTree = "<group>"; };
		197194AA1DBDA67D009F03C0 /* AFNetworkReachabilityManager.m */ = {isa = PBXFileReference; fileEncoding = 4; lastKnownFileType = sourcecode.c.objc; path = AFNetworkReachabilityManager.m; sourceTree = "<group>"; };
		197194AB1DBDA67D009F03C0 /* AFSecurityPolicy.h */ = {isa = PBXFileReference; fileEncoding = 4; lastKnownFileType = sourcecode.c.h; path = AFSecurityPolicy.h; sourceTree = "<group>"; };
		197194AC1DBDA67D009F03C0 /* AFSecurityPolicy.m */ = {isa = PBXFileReference; fileEncoding = 4; lastKnownFileType = sourcecode.c.objc; path = AFSecurityPolicy.m; sourceTree = "<group>"; };
		197194AD1DBDA67D009F03C0 /* AFURLRequestSerialization.h */ = {isa = PBXFileReference; fileEncoding = 4; lastKnownFileType = sourcecode.c.h; path = AFURLRequestSerialization.h; sourceTree = "<group>"; };
		197194AE1DBDA67D009F03C0 /* AFURLRequestSerialization.m */ = {isa = PBXFileReference; fileEncoding = 4; lastKnownFileType = sourcecode.c.objc; path = AFURLRequestSerialization.m; sourceTree = "<group>"; };
		197194AF1DBDA67D009F03C0 /* AFURLResponseSerialization.h */ = {isa = PBXFileReference; fileEncoding = 4; lastKnownFileType = sourcecode.c.h; path = AFURLResponseSerialization.h; sourceTree = "<group>"; };
		197194B01DBDA67D009F03C0 /* AFURLResponseSerialization.m */ = {isa = PBXFileReference; fileEncoding = 4; lastKnownFileType = sourcecode.c.objc; path = AFURLResponseSerialization.m; sourceTree = "<group>"; };
		197194B11DBDA67D009F03C0 /* AFURLSessionManager.h */ = {isa = PBXFileReference; fileEncoding = 4; lastKnownFileType = sourcecode.c.h; path = AFURLSessionManager.h; sourceTree = "<group>"; };
		197194B21DBDA67D009F03C0 /* AFURLSessionManager.m */ = {isa = PBXFileReference; fileEncoding = 4; lastKnownFileType = sourcecode.c.objc; path = AFURLSessionManager.m; sourceTree = "<group>"; };
		197194B31DBDA67D009F03C0 /* AppsModel.h */ = {isa = PBXFileReference; fileEncoding = 4; lastKnownFileType = sourcecode.c.h; path = AppsModel.h; sourceTree = "<group>"; };
		197194B41DBDA67D009F03C0 /* AppsModel.m */ = {isa = PBXFileReference; fileEncoding = 4; lastKnownFileType = sourcecode.c.objc; path = AppsModel.m; sourceTree = "<group>"; };
		197194B61DBDA67D009F03C0 /* DownloaderOperation.h */ = {isa = PBXFileReference; fileEncoding = 4; lastKnownFileType = sourcecode.c.h; path = DownloaderOperation.h; sourceTree = "<group>"; };
		197194B71DBDA67D009F03C0 /* DownloaderOperation.m */ = {isa = PBXFileReference; fileEncoding = 4; lastKnownFileType = sourcecode.c.objc; path = DownloaderOperation.m; sourceTree = "<group>"; };
		197194B81DBDA67D009F03C0 /* DownloaderOperationManager.h */ = {isa = PBXFileReference; fileEncoding = 4; lastKnownFileType = sourcecode.c.h; path = DownloaderOperationManager.h; sourceTree = "<group>"; };
		197194B91DBDA67D009F03C0 /* DownloaderOperationManager.m */ = {isa = PBXFileReference; fileEncoding = 4; lastKnownFileType = sourcecode.c.objc; path = DownloaderOperationManager.m; sourceTree = "<group>"; };
		197194BA1DBDA67D009F03C0 /* NSString+path.h */ = {isa = PBXFileReference; fileEncoding = 4; lastKnownFileType = sourcecode.c.h; path = "NSString+path.h"; sourceTree = "<group>"; };
		197194BB1DBDA67D009F03C0 /* NSString+path.m */ = {isa = PBXFileReference; fileEncoding = 4; lastKnownFileType = sourcecode.c.objc; path = "NSString+path.m"; sourceTree = "<group>"; };
		197194BC1DBDA67D009F03C0 /* UIImageView+WebImage.h */ = {isa = PBXFileReference; fileEncoding = 4; lastKnownFileType = sourcecode.c.h; path = "UIImageView+WebImage.h"; sourceTree = "<group>"; };
		197194BD1DBDA67D009F03C0 /* UIImageView+WebImage.m */ = {isa = PBXFileReference; fileEncoding = 4; lastKnownFileType = sourcecode.c.objc; path = "UIImageView+WebImage.m"; sourceTree = "<group>"; };
		197194BF1DBDA67D009F03C0 /* NSObject+YYModel.h */ = {isa = PBXFileReference; fileEncoding = 4; lastKnownFileType = sourcecode.c.h; path = "NSObject+YYModel.h"; sourceTree = "<group>"; };
		197194C01DBDA67D009F03C0 /* NSObject+YYModel.m */ = {isa = PBXFileReference; fileEncoding = 4; lastKnownFileType = sourcecode.c.objc; path = "NSObject+YYModel.m"; sourceTree = "<group>"; };
		197194C11DBDA67D009F03C0 /* YYClassInfo.h */ = {isa = PBXFileReference; fileEncoding = 4; lastKnownFileType = sourcecode.c.h; path = YYClassInfo.h; sourceTree = "<group>"; };
		197194C21DBDA67D009F03C0 /* YYClassInfo.m */ = {isa = PBXFileReference; fileEncoding = 4; lastKnownFileType = sourcecode.c.objc; path = YYClassInfo.m; sourceTree = "<group>"; };
		197194C31DBDA67D009F03C0 /* YYModel.h */ = {isa = PBXFileReference; fileEncoding = 4; lastKnownFileType = sourcecode.c.h; path = YYModel.h; sourceTree = "<group>"; };
/* End PBXFileReference section */

/* Begin PBXFrameworksBuildPhase section */
		190743FF1DBD0AC600CA2D87 /* Frameworks */ = {
			isa = PBXFrameworksBuildPhase;
			buildActionMask = 2147483647;
			files = (
			);
			runOnlyForDeploymentPostprocessing = 0;
		};
/* End PBXFrameworksBuildPhase section */

/* Begin PBXGroup section */
		190743F91DBD0AC600CA2D87 = {
			isa = PBXGroup;
			children = (
				190744041DBD0AC600CA2D87 /* YR-WebImage */,
				190744031DBD0AC600CA2D87 /* Products */,
			);
			sourceTree = "<group>";
		};
		190744031DBD0AC600CA2D87 /* Products */ = {
			isa = PBXGroup;
			children = (
				190744021DBD0AC600CA2D87 /* YR-WebImage.app */,
			);
			name = Products;
			sourceTree = "<group>";
		};
		190744041DBD0AC600CA2D87 /* YR-WebImage */ = {
			isa = PBXGroup;
			children = (
				197194A51DBDA67D009F03C0 /* AFNetworking */,
				197194B51DBDA67D009F03C0 /* GoodWebImage */,
				197194BE1DBDA67D009F03C0 /* YYModel */,
				190744081DBD0AC600CA2D87 /* AppDelegate.h */,
				190744091DBD0AC600CA2D87 /* AppDelegate.m */,
				197194B31DBDA67D009F03C0 /* AppsModel.h */,
				197194B41DBDA67D009F03C0 /* AppsModel.m */,
				1907440B1DBD0AC600CA2D87 /* ViewController.h */,
				1907440C1DBD0AC600CA2D87 /* ViewController.m */,
				1907440E1DBD0AC600CA2D87 /* Main.storyboard */,
				190744111DBD0AC600CA2D87 /* Assets.xcassets */,
				190744131DBD0AC600CA2D87 /* LaunchScreen.storyboard */,
				190744161DBD0AC600CA2D87 /* Info.plist */,
				190744051DBD0AC600CA2D87 /* Supporting Files */,
			);
			path = "YR-WebImage";
			sourceTree = "<group>";
		};
		190744051DBD0AC600CA2D87 /* Supporting Files */ = {
			isa = PBXGroup;
			children = (
				190744061DBD0AC600CA2D87 /* main.m */,
			);
			name = "Supporting Files";
			sourceTree = "<group>";
		};
		197194A51DBDA67D009F03C0 /* AFNetworking */ = {
			isa = PBXGroup;
			children = (
				197194A61DBDA67D009F03C0 /* AFHTTPSessionManager.h */,
				197194A71DBDA67D009F03C0 /* AFHTTPSessionManager.m */,
				197194A81DBDA67D009F03C0 /* AFNetworking.h */,
				197194A91DBDA67D009F03C0 /* AFNetworkReachabilityManager.h */,
				197194AA1DBDA67D009F03C0 /* AFNetworkReachabilityManager.m */,
				197194AB1DBDA67D009F03C0 /* AFSecurityPolicy.h */,
				197194AC1DBDA67D009F03C0 /* AFSecurityPolicy.m */,
				197194AD1DBDA67D009F03C0 /* AFURLRequestSerialization.h */,
				197194AE1DBDA67D009F03C0 /* AFURLRequestSerialization.m */,
				197194AF1DBDA67D009F03C0 /* AFURLResponseSerialization.h */,
				197194B01DBDA67D009F03C0 /* AFURLResponseSerialization.m */,
				197194B11DBDA67D009F03C0 /* AFURLSessionManager.h */,
				197194B21DBDA67D009F03C0 /* AFURLSessionManager.m */,
			);
			path = AFNetworking;
			sourceTree = "<group>";
		};
		197194B51DBDA67D009F03C0 /* GoodWebImage */ = {
			isa = PBXGroup;
			children = (
				197194B61DBDA67D009F03C0 /* DownloaderOperation.h */,
				197194B71DBDA67D009F03C0 /* DownloaderOperation.m */,
				197194B81DBDA67D009F03C0 /* DownloaderOperationManager.h */,
				197194B91DBDA67D009F03C0 /* DownloaderOperationManager.m */,
				197194BA1DBDA67D009F03C0 /* NSString+path.h */,
				197194BB1DBDA67D009F03C0 /* NSString+path.m */,
				197194BC1DBDA67D009F03C0 /* UIImageView+WebImage.h */,
				197194BD1DBDA67D009F03C0 /* UIImageView+WebImage.m */,
			);
			path = GoodWebImage;
			sourceTree = "<group>";
		};
		197194BE1DBDA67D009F03C0 /* YYModel */ = {
			isa = PBXGroup;
			children = (
				197194BF1DBDA67D009F03C0 /* NSObject+YYModel.h */,
				197194C01DBDA67D009F03C0 /* NSObject+YYModel.m */,
				197194C11DBDA67D009F03C0 /* YYClassInfo.h */,
				197194C21DBDA67D009F03C0 /* YYClassInfo.m */,
				197194C31DBDA67D009F03C0 /* YYModel.h */,
			);
			path = YYModel;
			sourceTree = "<group>";
		};
/* End PBXGroup section */

/* Begin PBXNativeTarget section */
		190744011DBD0AC600CA2D87 /* YR-WebImage */ = {
			isa = PBXNativeTarget;
			buildConfigurationList = 190744191DBD0AC600CA2D87 /* Build configuration list for PBXNativeTarget "YR-WebImage" */;
			buildPhases = (
				190743FE1DBD0AC600CA2D87 /* Sources */,
				190743FF1DBD0AC600CA2D87 /* Frameworks */,
				190744001DBD0AC600CA2D87 /* Resources */,
			);
			buildRules = (
			);
			dependencies = (
			);
			name = "YR-WebImage";
			productName = "YR-WebImage";
			productReference = 190744021DBD0AC600CA2D87 /* YR-WebImage.app */;
			productType = "com.apple.product-type.application";
		};
/* End PBXNativeTarget section */

/* Begin PBXProject section */
		190743FA1DBD0AC600CA2D87 /* Project object */ = {
			isa = PBXProject;
			attributes = {
				LastUpgradeCheck = 0800;
				ORGANIZATIONNAME = yyr;
				TargetAttributes = {
					190744011DBD0AC600CA2D87 = {
						CreatedOnToolsVersion = 8.0;
						DevelopmentTeam = 5YDX4S4EQ5;
						ProvisioningStyle = Automatic;
					};
				};
			};
			buildConfigurationList = 190743FD1DBD0AC600CA2D87 /* Build configuration list for PBXProject "YR-WebImage" */;
			compatibilityVersion = "Xcode 3.2";
			developmentRegion = English;
			hasScannedForEncodings = 0;
			knownRegions = (
				en,
				Base,
			);
			mainGroup = 190743F91DBD0AC600CA2D87;
			productRefGroup = 190744031DBD0AC600CA2D87 /* Products */;
			projectDirPath = "";
			projectRoot = "";
			targets = (
				190744011DBD0AC600CA2D87 /* YR-WebImage */,
			);
		};
/* End PBXProject section */

/* Begin PBXResourcesBuildPhase section */
		190744001DBD0AC600CA2D87 /* Resources */ = {
			isa = PBXResourcesBuildPhase;
			buildActionMask = 2147483647;
			files = (
				190744151DBD0AC600CA2D87 /* LaunchScreen.storyboard in Resources */,
				190744121DBD0AC600CA2D87 /* Assets.xcassets in Resources */,
				190744101DBD0AC600CA2D87 /* Main.storyboard in Resources */,
			);
			runOnlyForDeploymentPostprocessing = 0;
		};
/* End PBXResourcesBuildPhase section */

/* Begin PBXSourcesBuildPhase section */
		190743FE1DBD0AC600CA2D87 /* Sources */ = {
			isa = PBXSourcesBuildPhase;
			buildActionMask = 2147483647;
			files = (
				197194C91DBDA67D009F03C0 /* AFURLSessionManager.m in Sources */,
				197194CA1DBDA67D009F03C0 /* AppsModel.m in Sources */,
				197194CC1DBDA67D009F03C0 /* DownloaderOperationManager.m in Sources */,
				1907440D1DBD0AC600CA2D87 /* ViewController.m in Sources */,
				1907440A1DBD0AC600CA2D87 /* AppDelegate.m in Sources */,
				197194C51DBDA67D009F03C0 /* AFNetworkReachabilityManager.m in Sources */,
				197194CF1DBDA67D009F03C0 /* NSObject+YYModel.m in Sources */,
				197194CB1DBDA67D009F03C0 /* DownloaderOperation.m in Sources */,
				190744071DBD0AC600CA2D87 /* main.m in Sources */,
				197194CD1DBDA67D009F03C0 /* NSString+path.m in Sources */,
				197194C61DBDA67D009F03C0 /* AFSecurityPolicy.m in Sources */,
				197194C71DBDA67D009F03C0 /* AFURLRequestSerialization.m in Sources */,
				197194D01DBDA67D009F03C0 /* YYClassInfo.m in Sources */,
				197194CE1DBDA67D009F03C0 /* UIImageView+WebImage.m in Sources */,
				197194C81DBDA67D009F03C0 /* AFURLResponseSerialization.m in Sources */,
				197194C41DBDA67D009F03C0 /* AFHTTPSessionManager.m in Sources */,
			);
			runOnlyForDeploymentPostprocessing = 0;
		};
/* End PBXSourcesBuildPhase section */

/* Begin PBXVariantGroup section */
		1907440E1DBD0AC600CA2D87 /* Main.storyboard */ = {
			isa = PBXVariantGroup;
			children = (
				1907440F1DBD0AC600CA2D87 /* Base */,
			);
			name = Main.storyboard;
			sourceTree = "<group>";
		};
		190744131DBD0AC600CA2D87 /* LaunchScreen.storyboard */ = {
			isa = PBXVariantGroup;
			children = (
				190744141DBD0AC600CA2D87 /* Base */,
			);
			name = LaunchScreen.storyboard;
			sourceTree = "<group>";
		};
/* End PBXVariantGroup section */

/* Begin XCBuildConfiguration section */
		190744171DBD0AC600CA2D87 /* Debug */ = {
			isa = XCBuildConfiguration;
			buildSettings = {
				ALWAYS_SEARCH_USER_PATHS = NO;
				CLANG_ANALYZER_NONNULL = YES;
				CLANG_CXX_LANGUAGE_STANDARD = "gnu++0x";
				CLANG_CXX_LIBRARY = "libc++";
				CLANG_ENABLE_MODULES = YES;
				CLANG_ENABLE_OBJC_ARC = YES;
				CLANG_WARN_BOOL_CONVERSION = YES;
				CLANG_WARN_CONSTANT_CONVERSION = YES;
				CLANG_WARN_DIRECT_OBJC_ISA_USAGE = YES_ERROR;
				CLANG_WARN_DOCUMENTATION_COMMENTS = YES;
				CLANG_WARN_EMPTY_BODY = YES;
				CLANG_WARN_ENUM_CONVERSION = YES;
				CLANG_WARN_INFINITE_RECURSION = YES;
				CLANG_WARN_INT_CONVERSION = YES;
				CLANG_WARN_OBJC_ROOT_CLASS = YES_ERROR;
				CLANG_WARN_SUSPICIOUS_MOVES = YES;
				CLANG_WARN_UNREACHABLE_CODE = YES;
				CLANG_WARN__DUPLICATE_METHOD_MATCH = YES;
				"CODE_SIGN_IDENTITY[sdk=iphoneos*]" = "iPhone Developer";
				COPY_PHASE_STRIP = NO;
				DEBUG_INFORMATION_FORMAT = dwarf;
				ENABLE_STRICT_OBJC_MSGSEND = YES;
				ENABLE_TESTABILITY = YES;
				GCC_C_LANGUAGE_STANDARD = gnu99;
				GCC_DYNAMIC_NO_PIC = NO;
				GCC_NO_COMMON_BLOCKS = YES;
				GCC_OPTIMIZATION_LEVEL = 0;
				GCC_PREPROCESSOR_DEFINITIONS = (
					"DEBUG=1",
					"$(inherited)",
				);
				GCC_WARN_64_TO_32_BIT_CONVERSION = YES;
				GCC_WARN_ABOUT_RETURN_TYPE = YES_ERROR;
				GCC_WARN_UNDECLARED_SELECTOR = YES;
				GCC_WARN_UNINITIALIZED_AUTOS = YES_AGGRESSIVE;
				GCC_WARN_UNUSED_FUNCTION = YES;
				GCC_WARN_UNUSED_VARIABLE = YES;
				IPHONEOS_DEPLOYMENT_TARGET = 10.0;
				MTL_ENABLE_DEBUG_INFO = YES;
				ONLY_ACTIVE_ARCH = YES;
				SDKROOT = iphoneos;
				TARGETED_DEVICE_FAMILY = "1,2";
			};
			name = Debug;
		};
		190744181DBD0AC600CA2D87 /* Release */ = {
			isa = XCBuildConfiguration;
			buildSettings = {
				ALWAYS_SEARCH_USER_PATHS = NO;
				CLANG_ANALYZER_NONNULL = YES;
				CLANG_CXX_LANGUAGE_STANDARD = "gnu++0x";
				CLANG_CXX_LIBRARY = "libc++";
				CLANG_ENABLE_MODULES = YES;
				CLANG_ENABLE_OBJC_ARC = YES;
				CLANG_WARN_BOOL_CONVERSION = YES;
				CLANG_WARN_CONSTANT_CONVERSION = YES;
				CLANG_WARN_DIRECT_OBJC_ISA_USAGE = YES_ERROR;
				CLANG_WARN_DOCUMENTATION_COMMENTS = YES;
				CLANG_WARN_EMPTY_BODY = YES;
				CLANG_WARN_ENUM_CONVERSION = YES;
				CLANG_WARN_INFINITE_RECURSION = YES;
				CLANG_WARN_INT_CONVERSION = YES;
				CLANG_WARN_OBJC_ROOT_CLASS = YES_ERROR;
				CLANG_WARN_SUSPICIOUS_MOVES = YES;
				CLANG_WARN_UNREACHABLE_CODE = YES;
				CLANG_WARN__DUPLICATE_METHOD_MATCH = YES;
				"CODE_SIGN_IDENTITY[sdk=iphoneos*]" = "iPhone Developer";
				COPY_PHASE_STRIP = NO;
				DEBUG_INFORMATION_FORMAT = "dwarf-with-dsym";
				ENABLE_NS_ASSERTIONS = NO;
				ENABLE_STRICT_OBJC_MSGSEND = YES;
				GCC_C_LANGUAGE_STANDARD = gnu99;
				GCC_NO_COMMON_BLOCKS = YES;
				GCC_WARN_64_TO_32_BIT_CONVERSION = YES;
				GCC_WARN_ABOUT_RETURN_TYPE = YES_ERROR;
				GCC_WARN_UNDECLARED_SELECTOR = YES;
				GCC_WARN_UNINITIALIZED_AUTOS = YES_AGGRESSIVE;
				GCC_WARN_UNUSED_FUNCTION = YES;
				GCC_WARN_UNUSED_VARIABLE = YES;
				IPHONEOS_DEPLOYMENT_TARGET = 10.0;
				MTL_ENABLE_DEBUG_INFO = NO;
				SDKROOT = iphoneos;
				TARGETED_DEVICE_FAMILY = "1,2";
				VALIDATE_PRODUCT = YES;
			};
			name = Release;
		};
		1907441A1DBD0AC600CA2D87 /* Debug */ = {
			isa = XCBuildConfiguration;
			buildSettings = {
				ASSETCATALOG_COMPILER_APPICON_NAME = AppIcon;
				DEVELOPMENT_TEAM = 5YDX4S4EQ5;
				INFOPLIST_FILE = "YR-WebImage/Info.plist";
				LD_RUNPATH_SEARCH_PATHS = "$(inherited) @executable_path/Frameworks";
				PRODUCT_BUNDLE_IDENTIFIER = "com.yyr.ios.YR-WebImage";
				PRODUCT_NAME = "$(TARGET_NAME)";
			};
			name = Debug;
		};
		1907441B1DBD0AC600CA2D87 /* Release */ = {
			isa = XCBuildConfiguration;
			buildSettings = {
				ASSETCATALOG_COMPILER_APPICON_NAME = AppIcon;
				DEVELOPMENT_TEAM = 5YDX4S4EQ5;
				INFOPLIST_FILE = "YR-WebImage/Info.plist";
				LD_RUNPATH_SEARCH_PATHS = "$(inherited) @executable_path/Frameworks";
				PRODUCT_BUNDLE_IDENTIFIER = "com.yyr.ios.YR-WebImage";
				PRODUCT_NAME = "$(TARGET_NAME)";
			};
			name = Release;
		};
/* End XCBuildConfiguration section */

/* Begin XCConfigurationList section */
		190743FD1DBD0AC600CA2D87 /* Build configuration list for PBXProject "YR-WebImage" */ = {
			isa = XCConfigurationList;
			buildConfigurations = (
				190744171DBD0AC600CA2D87 /* Debug */,
				190744181DBD0AC600CA2D87 /* Release */,
			);
			defaultConfigurationIsVisible = 0;
			defaultConfigurationName = Release;
		};
		190744191DBD0AC600CA2D87 /* Build configuration list for PBXNativeTarget "YR-WebImage" */ = {
			isa = XCConfigurationList;
			buildConfigurations = (
				1907441A1DBD0AC600CA2D87 /* Debug */,
				1907441B1DBD0AC600CA2D87 /* Release */,
			);
			defaultConfigurationIsVisible = 0;
			defaultConfigurationName = Release;
		};
/* End XCConfigurationList section */
	};
	rootObject = 190743FA1DBD0AC600CA2D87 /* Project object */;
}
